
Microsoft Visual Studio Solution File, Format Version 12.00
# Visual Studio Version 17
VisualStudioVersion = 17.14.37301.10 d17.14
MinimumVisualStudioVersion = 10.0.40219.1
Project("{FAE04EC0-301F-11D3-BF4B-00C04F79EFBC}") = "MindScoreApi", "MindScoreApi\MindScoreApi.csproj", "{5FB283E1-2C0B-452F-99FA-680B52C30B03}"
EndProject
Global
	GlobalSection(SolutionConfigurationPlatforms) = preSolution
		Debug|Any CPU = Debug|Any CPU
		Release|Any CPU = Release|Any CPU
	EndGlobalSection
	GlobalSection(ProjectConfigurationPlatforms) = postSolution
		{5FB283E1-2C0B-452F-99FA-680B52C30B03}.Debug|Any CPU.ActiveCfg = Debug|Any CPU
		{5FB283E1-2C0B-452F-99FA-680B52C30B03}.Debug|Any CPU.Build.0 = Debug|Any CPU
		{5FB283E1-2C0B-452F-99FA-680B52C30B03}.Release|Any CPU.ActiveCfg = Release|Any CPU
		{5FB283E1-2C0B-452F-99FA-680B52C30B03}.Release|Any CPU.Build.0 = Release|Any CPU
	EndGlobalSection
	GlobalSection(SolutionProperties) = preSolution
		HideSolutionNode = FALSE
	EndGlobalSection
	GlobalSection(ExtensibilityGlobals) = postSolution
		SolutionGuid = {E7B9FEA9-E1F1-44D1-9DDA-BB6CAF3B369E}
	EndGlobalSection
EndGlobal
